
Microsoft Visual Studio Solution File, Format Version 12.00
# Visual Studio Version 17
VisualStudioVersion = 17.4.33205.214
MinimumVisualStudioVersion = 10.0.40219.1
Project("{9A19103F-16F7-4668-BE54-9A1E7A4F7556}") = "count-vs-any", "count-vs-any\count-vs-any.csproj", "{53FE0DBC-8C87-4610-B2B8-759C547AABB3}"
EndProject
Project("{FAE04EC0-301F-11D3-BF4B-00C04F79EFBC}") = "enum-tostring-vs-nameof", "enum-tostring-vs-nameof\enum-tostring-vs-nameof.csproj", "{60696467-D9FD-405D-B955-95102384D0F8}"
EndProject
Project("{FAE04EC0-301F-11D3-BF4B-00C04F79EFBC}") = "dynamic-slow-case", "dynamic-slow-case\dynamic-slow-case.csproj", "{68243BA1-8930-4C64-95EB-89B39D33DB20}"
EndProject
Global
	GlobalSection(SolutionConfigurationPlatforms) = preSolution
		Debug|Any CPU = Debug|Any CPU
		Release|Any CPU = Release|Any CPU
	EndGlobalSection
	GlobalSection(ProjectConfigurationPlatforms) = postSolution
		{53FE0DBC-8C87-4610-B2B8-759C547AABB3}.Debug|Any CPU.ActiveCfg = Debug|Any CPU
		{53FE0DBC-8C87-4610-B2B8-759C547AABB3}.Debug|Any CPU.Build.0 = Debug|Any CPU
		{53FE0DBC-8C87-4610-B2B8-759C547AABB3}.Release|Any CPU.ActiveCfg = Release|Any CPU
		{53FE0DBC-8C87-4610-B2B8-759C547AABB3}.Release|Any CPU.Build.0 = Release|Any CPU
		{60696467-D9FD-405D-B955-95102384D0F8}.Debug|Any CPU.ActiveCfg = Debug|Any CPU
		{60696467-D9FD-405D-B955-95102384D0F8}.Debug|Any CPU.Build.0 = Debug|Any CPU
		{60696467-D9FD-405D-B955-95102384D0F8}.Release|Any CPU.ActiveCfg = Release|Any CPU
		{60696467-D9FD-405D-B955-95102384D0F8}.Release|Any CPU.Build.0 = Release|Any CPU
		{68243BA1-8930-4C64-95EB-89B39D33DB20}.Debug|Any CPU.ActiveCfg = Debug|Any CPU
		{68243BA1-8930-4C64-95EB-89B39D33DB20}.Debug|Any CPU.Build.0 = Debug|Any CPU
		{68243BA1-8930-4C64-95EB-89B39D33DB20}.Release|Any CPU.ActiveCfg = Release|Any CPU
		{68243BA1-8930-4C64-95EB-89B39D33DB20}.Release|Any CPU.Build.0 = Release|Any CPU
	EndGlobalSection
	GlobalSection(SolutionProperties) = preSolution
		HideSolutionNode = FALSE
	EndGlobalSection
	GlobalSection(ExtensibilityGlobals) = postSolution
		SolutionGuid = {53B0420E-6E87-4907-83F7-C1F4A28BF45A}
	EndGlobalSection
EndGlobal
