
Microsoft Visual Studio Solution File, Format Version 12.00
# Visual Studio Version 17
VisualStudioVersion = 17.4.33205.214
MinimumVisualStudioVersion = 10.0.40219.1
Project("{9A19103F-16F7-4668-BE54-9A1E7A4F7556}") = "count_vs_any", "src\count_vs_any\count_vs_any.csproj", "{E0122108-8571-450A-9D9F-9E501108A200}"
EndProject
Project("{9A19103F-16F7-4668-BE54-9A1E7A4F7556}") = "dynamic_slow_case", "src\dynamic_slow_case\dynamic_slow_case.csproj", "{D734D47D-6359-4D30-98E2-D2823DAF7FC2}"
EndProject
Project("{9A19103F-16F7-4668-BE54-9A1E7A4F7556}") = "enum_toString_vs_nameof", "src\enum_toString_vs_nameof\enum_toString_vs_nameof.csproj", "{78F686AA-F8C4-41FA-AE94-92916DB79A1C}"
EndProject
Project("{9A19103F-16F7-4668-BE54-9A1E7A4F7556}") = "better_dictionary_update", "src\better_dictionary_update\better_dictionary_update.csproj", "{B1C7816F-88D0-4611-BDED-85CBEB05F06D}"
EndProject
Project("{2150E333-8FDC-42A3-9474-1A3956D46DE8}") = "src", "src", "{C3B044C9-F297-4262-AE35-7475188975C7}"
EndProject
Project("{2150E333-8FDC-42A3-9474-1A3956D46DE8}") = "tests", "tests", "{4C6A5DF9-6175-44AC-B63D-3259CCC5279F}"
EndProject
Project("{9A19103F-16F7-4668-BE54-9A1E7A4F7556}") = "better_dictionary_updateTests", "tests\better_dictionary_updateTests\better_dictionary_updateTests.csproj", "{98C80336-5CD2-47D4-9864-218F5EF5E3EF}"
EndProject
Project("{9A19103F-16F7-4668-BE54-9A1E7A4F7556}") = "count_vs_anyTests", "tests\count_vs_anyTests\count_vs_anyTests.csproj", "{7E6316CC-A6FD-44A0-8373-9071CE89E32B}"
EndProject
Project("{9A19103F-16F7-4668-BE54-9A1E7A4F7556}") = "dynamic_slow_caseTests", "tests\dynamic_slow_caseTests\dynamic_slow_caseTests.csproj", "{DF629797-8B04-4295-8EC3-59A90567C8D7}"
EndProject
Project("{9A19103F-16F7-4668-BE54-9A1E7A4F7556}") = "better_stopwatch_createTests", "tests\better_stopwatch_createTests\better_stopwatch_createTests.csproj", "{FAF34134-1295-400C-943A-086785ED2A84}"
EndProject
Project("{9A19103F-16F7-4668-BE54-9A1E7A4F7556}") = "better_stopwatch_create", "src\better_stopwatch_create\better_stopwatch_create.csproj", "{6DBAB3C2-C4B2-4F91-8233-3D4EF1EAF0B3}"
EndProject
Project("{9A19103F-16F7-4668-BE54-9A1E7A4F7556}") = "enum_toString_vs_nameofTests", "tests\enum_toString_vs_nameofTests\enum_toString_vs_nameofTests.csproj", "{CFB2DA17-BDE5-48ED-B72C-A24E7575A35B}"
EndProject
Global
	GlobalSection(SolutionConfigurationPlatforms) = preSolution
		Debug|Any CPU = Debug|Any CPU
		Release|Any CPU = Release|Any CPU
	EndGlobalSection
	GlobalSection(ProjectConfigurationPlatforms) = postSolution
		{E0122108-8571-450A-9D9F-9E501108A200}.Debug|Any CPU.ActiveCfg = Debug|Any CPU
		{E0122108-8571-450A-9D9F-9E501108A200}.Debug|Any CPU.Build.0 = Debug|Any CPU
		{E0122108-8571-450A-9D9F-9E501108A200}.Release|Any CPU.ActiveCfg = Release|Any CPU
		{E0122108-8571-450A-9D9F-9E501108A200}.Release|Any CPU.Build.0 = Release|Any CPU
		{D734D47D-6359-4D30-98E2-D2823DAF7FC2}.Debug|Any CPU.ActiveCfg = Debug|Any CPU
		{D734D47D-6359-4D30-98E2-D2823DAF7FC2}.Debug|Any CPU.Build.0 = Debug|Any CPU
		{D734D47D-6359-4D30-98E2-D2823DAF7FC2}.Release|Any CPU.ActiveCfg = Release|Any CPU
		{D734D47D-6359-4D30-98E2-D2823DAF7FC2}.Release|Any CPU.Build.0 = Release|Any CPU
		{78F686AA-F8C4-41FA-AE94-92916DB79A1C}.Debug|Any CPU.ActiveCfg = Debug|Any CPU
		{78F686AA-F8C4-41FA-AE94-92916DB79A1C}.Debug|Any CPU.Build.0 = Debug|Any CPU
		{78F686AA-F8C4-41FA-AE94-92916DB79A1C}.Release|Any CPU.ActiveCfg = Release|Any CPU
		{78F686AA-F8C4-41FA-AE94-92916DB79A1C}.Release|Any CPU.Build.0 = Release|Any CPU
		{B1C7816F-88D0-4611-BDED-85CBEB05F06D}.Debug|Any CPU.ActiveCfg = Debug|Any CPU
		{B1C7816F-88D0-4611-BDED-85CBEB05F06D}.Debug|Any CPU.Build.0 = Debug|Any CPU
		{B1C7816F-88D0-4611-BDED-85CBEB05F06D}.Release|Any CPU.ActiveCfg = Release|Any CPU
		{B1C7816F-88D0-4611-BDED-85CBEB05F06D}.Release|Any CPU.Build.0 = Release|Any CPU
		{98C80336-5CD2-47D4-9864-218F5EF5E3EF}.Debug|Any CPU.ActiveCfg = Debug|Any CPU
		{98C80336-5CD2-47D4-9864-218F5EF5E3EF}.Debug|Any CPU.Build.0 = Debug|Any CPU
		{98C80336-5CD2-47D4-9864-218F5EF5E3EF}.Release|Any CPU.ActiveCfg = Release|Any CPU
		{98C80336-5CD2-47D4-9864-218F5EF5E3EF}.Release|Any CPU.Build.0 = Release|Any CPU
		{7E6316CC-A6FD-44A0-8373-9071CE89E32B}.Debug|Any CPU.ActiveCfg = Debug|Any CPU
		{7E6316CC-A6FD-44A0-8373-9071CE89E32B}.Debug|Any CPU.Build.0 = Debug|Any CPU
		{7E6316CC-A6FD-44A0-8373-9071CE89E32B}.Release|Any CPU.ActiveCfg = Release|Any CPU
		{7E6316CC-A6FD-44A0-8373-9071CE89E32B}.Release|Any CPU.Build.0 = Release|Any CPU
		{DF629797-8B04-4295-8EC3-59A90567C8D7}.Debug|Any CPU.ActiveCfg = Debug|Any CPU
		{DF629797-8B04-4295-8EC3-59A90567C8D7}.Debug|Any CPU.Build.0 = Debug|Any CPU
		{DF629797-8B04-4295-8EC3-59A90567C8D7}.Release|Any CPU.ActiveCfg = Release|Any CPU
		{DF629797-8B04-4295-8EC3-59A90567C8D7}.Release|Any CPU.Build.0 = Release|Any CPU
		{FAF34134-1295-400C-943A-086785ED2A84}.Debug|Any CPU.ActiveCfg = Debug|Any CPU
		{FAF34134-1295-400C-943A-086785ED2A84}.Debug|Any CPU.Build.0 = Debug|Any CPU
		{FAF34134-1295-400C-943A-086785ED2A84}.Release|Any CPU.ActiveCfg = Release|Any CPU
		{FAF34134-1295-400C-943A-086785ED2A84}.Release|Any CPU.Build.0 = Release|Any CPU
		{6DBAB3C2-C4B2-4F91-8233-3D4EF1EAF0B3}.Debug|Any CPU.ActiveCfg = Debug|Any CPU
		{6DBAB3C2-C4B2-4F91-8233-3D4EF1EAF0B3}.Debug|Any CPU.Build.0 = Debug|Any CPU
		{6DBAB3C2-C4B2-4F91-8233-3D4EF1EAF0B3}.Release|Any CPU.ActiveCfg = Release|Any CPU
		{6DBAB3C2-C4B2-4F91-8233-3D4EF1EAF0B3}.Release|Any CPU.Build.0 = Release|Any CPU
		{CFB2DA17-BDE5-48ED-B72C-A24E7575A35B}.Debug|Any CPU.ActiveCfg = Debug|Any CPU
		{CFB2DA17-BDE5-48ED-B72C-A24E7575A35B}.Debug|Any CPU.Build.0 = Debug|Any CPU
		{CFB2DA17-BDE5-48ED-B72C-A24E7575A35B}.Release|Any CPU.ActiveCfg = Release|Any CPU
		{CFB2DA17-BDE5-48ED-B72C-A24E7575A35B}.Release|Any CPU.Build.0 = Release|Any CPU
	EndGlobalSection
	GlobalSection(SolutionProperties) = preSolution
		HideSolutionNode = FALSE
	EndGlobalSection
	GlobalSection(NestedProjects) = preSolution
		{E0122108-8571-450A-9D9F-9E501108A200} = {C3B044C9-F297-4262-AE35-7475188975C7}
		{D734D47D-6359-4D30-98E2-D2823DAF7FC2} = {C3B044C9-F297-4262-AE35-7475188975C7}
		{78F686AA-F8C4-41FA-AE94-92916DB79A1C} = {C3B044C9-F297-4262-AE35-7475188975C7}
		{B1C7816F-88D0-4611-BDED-85CBEB05F06D} = {C3B044C9-F297-4262-AE35-7475188975C7}
		{98C80336-5CD2-47D4-9864-218F5EF5E3EF} = {4C6A5DF9-6175-44AC-B63D-3259CCC5279F}
		{7E6316CC-A6FD-44A0-8373-9071CE89E32B} = {4C6A5DF9-6175-44AC-B63D-3259CCC5279F}
		{DF629797-8B04-4295-8EC3-59A90567C8D7} = {4C6A5DF9-6175-44AC-B63D-3259CCC5279F}
		{FAF34134-1295-400C-943A-086785ED2A84} = {4C6A5DF9-6175-44AC-B63D-3259CCC5279F}
		{6DBAB3C2-C4B2-4F91-8233-3D4EF1EAF0B3} = {C3B044C9-F297-4262-AE35-7475188975C7}
		{CFB2DA17-BDE5-48ED-B72C-A24E7575A35B} = {4C6A5DF9-6175-44AC-B63D-3259CCC5279F}
	EndGlobalSection
	GlobalSection(ExtensibilityGlobals) = postSolution
		SolutionGuid = {53B0420E-6E87-4907-83F7-C1F4A28BF45A}
	EndGlobalSection
EndGlobal
